// !$*UTF8*$!
{
	archiveVersion = 1;
	classes = {
	};
	objectVersion = 55;
	objects = {

/* Begin PBXBuildFile section */
		06236362B364CDB034F449CC /* Pods_TemplateApp.framework in Frameworks */ = {isa = PBXBuildFile; fileRef = 5D629B1EFA6E1EF8F8764A7F /* Pods_TemplateApp.framework */; };
		3B1D82B7285B67A200C24937 /* HomeNavigationBar.swift in Sources */ = {isa = PBXBuildFile; fileRef = 3B1D82B6285B67A200C24937 /* HomeNavigationBar.swift */; };
		3B1D82B9285E469C00C24937 /* RxCocoa.swift in Sources */ = {isa = PBXBuildFile; fileRef = 3B1D82B8285E469C00C24937 /* RxCocoa.swift */; };
		3B23EE552876DFDF007A475D /* WidgetKit.framework in Frameworks */ = {isa = PBXBuildFile; fileRef = 3B23EE542876DFDF007A475D /* WidgetKit.framework */; };
		3B23EE572876DFDF007A475D /* SwiftUI.framework in Frameworks */ = {isa = PBXBuildFile; fileRef = 3B23EE562876DFDF007A475D /* SwiftUI.framework */; };
		3B23EE5A2876DFDF007A475D /* TemplateWidget.swift in Sources */ = {isa = PBXBuildFile; fileRef = 3B23EE592876DFDF007A475D /* TemplateWidget.swift */; };
		3B23EE5D2876DFE0007A475D /* Assets.xcassets in Resources */ = {isa = PBXBuildFile; fileRef = 3B23EE5C2876DFE0007A475D /* Assets.xcassets */; };
		3B23EE5F2876DFE0007A475D /* TemplateWidget.intentdefinition in Sources */ = {isa = PBXBuildFile; fileRef = 3B23EE5B2876DFDF007A475D /* TemplateWidget.intentdefinition */; };
		3B23EE602876DFE0007A475D /* TemplateWidget.intentdefinition in Sources */ = {isa = PBXBuildFile; fileRef = 3B23EE5B2876DFDF007A475D /* TemplateWidget.intentdefinition */; };
		3B23EE632876DFE0007A475D /* TemplateWidgetExtension.appex in Embed App Extensions */ = {isa = PBXBuildFile; fileRef = 3B23EE532876DFDF007A475D /* TemplateWidgetExtension.appex */; settings = {ATTRIBUTES = (RemoveHeadersOnCopy, ); }; };
		3B392A48282E5E320055F6E9 /* CreateViewModel.swift in Sources */ = {isa = PBXBuildFile; fileRef = 3B392A40282E5E320055F6E9 /* CreateViewModel.swift */; };
		3B392A49282E5E320055F6E9 /* CreateViewController.swift in Sources */ = {isa = PBXBuildFile; fileRef = 3B392A42282E5E320055F6E9 /* CreateViewController.swift */; };
		3B392A4A282E5E320055F6E9 /* CreateView.swift in Sources */ = {isa = PBXBuildFile; fileRef = 3B392A44282E5E320055F6E9 /* CreateView.swift */; };
		3B392A4B282E5E320055F6E9 /* CreateFlow.swift in Sources */ = {isa = PBXBuildFile; fileRef = 3B392A46282E5E320055F6E9 /* CreateFlow.swift */; };
		3B392A4C282E5E320055F6E9 /* CreateStep.swift in Sources */ = {isa = PBXBuildFile; fileRef = 3B392A47282E5E320055F6E9 /* CreateStep.swift */; };
		3B392A4F282E75090055F6E9 /* AppRepository.swift in Sources */ = {isa = PBXBuildFile; fileRef = 3B392A4E282E75090055F6E9 /* AppRepository.swift */; };
		3B392A52282E96390055F6E9 /* Repository.swift in Sources */ = {isa = PBXBuildFile; fileRef = 3B392A51282E96390055F6E9 /* Repository.swift */; };
		3B392A56282EA6600055F6E9 /* Manager.swift in Sources */ = {isa = PBXBuildFile; fileRef = 3B392A55282EA6600055F6E9 /* Manager.swift */; };
		3B42E5D82844AA6E00F78470 /* CreateViewViewModel.swift in Sources */ = {isa = PBXBuildFile; fileRef = 3B42E5D72844AA6E00F78470 /* CreateViewViewModel.swift */; };
		3B42E5DA2846056E00F78470 /* CreateFieldsViewController.swift in Sources */ = {isa = PBXBuildFile; fileRef = 3B42E5D92846056E00F78470 /* CreateFieldsViewController.swift */; };
		3B42E5DD284605F600F78470 /* CreateFieldsViewModel.swift in Sources */ = {isa = PBXBuildFile; fileRef = 3B42E5DC284605F600F78470 /* CreateFieldsViewModel.swift */; };
		3B76C4172834DF2B00526F2C /* HomeViewTableViewCell.swift in Sources */ = {isa = PBXBuildFile; fileRef = 3B76C4162834DF2B00526F2C /* HomeViewTableViewCell.swift */; };
		3B76C4192834E3CF00526F2C /* HomeViewTableView.swift in Sources */ = {isa = PBXBuildFile; fileRef = 3B76C4182834E3CF00526F2C /* HomeViewTableView.swift */; };
		3B76C41B283502F500526F2C /* ManagerWorkerTypes.swift in Sources */ = {isa = PBXBuildFile; fileRef = 3B76C41A283502F500526F2C /* ManagerWorkerTypes.swift */; };
		3B76C41D28350B0500526F2C /* HomeViewTableViewModel.swift in Sources */ = {isa = PBXBuildFile; fileRef = 3B76C41C28350B0500526F2C /* HomeViewTableViewModel.swift */; };
		3B9CFA93282E4D350037A8DB /* SettingsViewModel.swift in Sources */ = {isa = PBXBuildFile; fileRef = 3B9CFA6E282E4D350037A8DB /* SettingsViewModel.swift */; };
		3B9CFA94282E4D350037A8DB /* SettingsViewController.swift in Sources */ = {isa = PBXBuildFile; fileRef = 3B9CFA70282E4D350037A8DB /* SettingsViewController.swift */; };
		3B9CFA95282E4D350037A8DB /* SettingsView.swift in Sources */ = {isa = PBXBuildFile; fileRef = 3B9CFA72282E4D350037A8DB /* SettingsView.swift */; };
		3B9CFA96282E4D350037A8DB /* SettingsFlow.swift in Sources */ = {isa = PBXBuildFile; fileRef = 3B9CFA74282E4D350037A8DB /* SettingsFlow.swift */; };
		3B9CFA97282E4D350037A8DB /* SettingsStep.swift in Sources */ = {isa = PBXBuildFile; fileRef = 3B9CFA75282E4D350037A8DB /* SettingsStep.swift */; };
		3B9CFA98282E4D350037A8DB /* HomeViewModel.swift in Sources */ = {isa = PBXBuildFile; fileRef = 3B9CFA79282E4D350037A8DB /* HomeViewModel.swift */; };
		3B9CFA99282E4D350037A8DB /* HomeViewController.swift in Sources */ = {isa = PBXBuildFile; fileRef = 3B9CFA7B282E4D350037A8DB /* HomeViewController.swift */; };
		3B9CFA9A282E4D350037A8DB /* HomeView.swift in Sources */ = {isa = PBXBuildFile; fileRef = 3B9CFA7D282E4D350037A8DB /* HomeView.swift */; };
		3B9CFA9B282E4D350037A8DB /* HomeAboutViewModel.swift in Sources */ = {isa = PBXBuildFile; fileRef = 3B9CFA80282E4D350037A8DB /* HomeAboutViewModel.swift */; };
		3B9CFA9C282E4D350037A8DB /* HomeAboutViewController.swift in Sources */ = {isa = PBXBuildFile; fileRef = 3B9CFA82282E4D350037A8DB /* HomeAboutViewController.swift */; };
		3B9CFA9D282E4D350037A8DB /* HomeAboutView.swift in Sources */ = {isa = PBXBuildFile; fileRef = 3B9CFA84282E4D350037A8DB /* HomeAboutView.swift */; };
		3B9CFA9E282E4D350037A8DB /* HomeFlow.swift in Sources */ = {isa = PBXBuildFile; fileRef = 3B9CFA86282E4D350037A8DB /* HomeFlow.swift */; };
		3B9CFA9F282E4D350037A8DB /* HomeStep.swift in Sources */ = {isa = PBXBuildFile; fileRef = 3B9CFA87282E4D350037A8DB /* HomeStep.swift */; };
		3B9CFAA0282E4D350037A8DB /* User.swift in Sources */ = {isa = PBXBuildFile; fileRef = 3B9CFA88282E4D350037A8DB /* User.swift */; };
		3B9CFAA1282E4D350037A8DB /* UIKit.swift in Sources */ = {isa = PBXBuildFile; fileRef = 3B9CFA8A282E4D350037A8DB /* UIKit.swift */; };
		3B9CFAA2282E4D350037A8DB /* AppDelegate.swift in Sources */ = {isa = PBXBuildFile; fileRef = 3B9CFA8B282E4D350037A8DB /* AppDelegate.swift */; };
		3B9CFAA4282E4D350037A8DB /* SceneDelegate.swift in Sources */ = {isa = PBXBuildFile; fileRef = 3B9CFA8D282E4D350037A8DB /* SceneDelegate.swift */; };
		3B9CFAA5282E4D350037A8DB /* ToAppFlowNavigation.swift in Sources */ = {isa = PBXBuildFile; fileRef = 3B9CFA8F282E4D350037A8DB /* ToAppFlowNavigation.swift */; };
		3B9CFAA6282E4D350037A8DB /* AppFlow.swift in Sources */ = {isa = PBXBuildFile; fileRef = 3B9CFA90282E4D350037A8DB /* AppFlow.swift */; };
		3B9CFAA7282E4D350037A8DB /* AppStep.swift in Sources */ = {isa = PBXBuildFile; fileRef = 3B9CFA91282E4D350037A8DB /* AppStep.swift */; };
		3BA8055728649D7D0080026C /* CreateFieldsCell.swift in Sources */ = {isa = PBXBuildFile; fileRef = 3BA8055628649D7D0080026C /* CreateFieldsCell.swift */; };
		3BA805592864A66D0080026C /* CreateFieldsModel.swift in Sources */ = {isa = PBXBuildFile; fileRef = 3BA805582864A66D0080026C /* CreateFieldsModel.swift */; };
		3BAA4DC72847AC9100F22DB6 /* DetailMainViewModel.swift in Sources */ = {isa = PBXBuildFile; fileRef = 3BAA4DBE2847AC9100F22DB6 /* DetailMainViewModel.swift */; };
		3BAA4DC92847AC9100F22DB6 /* DetailFlow.swift in Sources */ = {isa = PBXBuildFile; fileRef = 3BAA4DC12847AC9100F22DB6 /* DetailFlow.swift */; };
		3BAA4DCA2847AC9100F22DB6 /* DetailStep.swift in Sources */ = {isa = PBXBuildFile; fileRef = 3BAA4DC22847AC9100F22DB6 /* DetailStep.swift */; };
		3BAA4DCB2847AC9100F22DB6 /* DetailMainViewController.swift in Sources */ = {isa = PBXBuildFile; fileRef = 3BAA4DC42847AC9100F22DB6 /* DetailMainViewController.swift */; };
		3BAA4DCC2847AC9100F22DB6 /* DetailMainView.swift in Sources */ = {isa = PBXBuildFile; fileRef = 3BAA4DC62847AC9100F22DB6 /* DetailMainView.swift */; };
		3BAA4DCE2847BB8300F22DB6 /* DetailBarView.swift in Sources */ = {isa = PBXBuildFile; fileRef = 3BAA4DCD2847BB8300F22DB6 /* DetailBarView.swift */; };
		3BAA4DD02847BB9900F22DB6 /* DetailBarViewModel.swift in Sources */ = {isa = PBXBuildFile; fileRef = 3BAA4DCF2847BB9900F22DB6 /* DetailBarViewModel.swift */; };
		3BAA4DD22847BFEA00F22DB6 /* DetailBarViewController.swift in Sources */ = {isa = PBXBuildFile; fileRef = 3BAA4DD12847BFEA00F22DB6 /* DetailBarViewController.swift */; };
		3BCBA48B283685DA000A6A69 /* ViewsTypes.swift in Sources */ = {isa = PBXBuildFile; fileRef = 3BCBA48A283685DA000A6A69 /* ViewsTypes.swift */; };
		3BCBA48D2836925D000A6A69 /* ViewModelsTypes.swift in Sources */ = {isa = PBXBuildFile; fileRef = 3BCBA48C2836925D000A6A69 /* ViewModelsTypes.swift */; };
		3BE3FB7E28327BA90007791A /* HomeViewViewModel.swift in Sources */ = {isa = PBXBuildFile; fileRef = 3BE3FB7D28327BA90007791A /* HomeViewViewModel.swift */; };
		CA497DD593954F76EE47F855 /* Pods_TemplateApp.framework in Frameworks */ = {isa = PBXBuildFile; fileRef = 1422D6B42BCB82BE4ECEFE23 /* Pods_TemplateApp.framework */; };
/* End PBXBuildFile section */

/* Begin PBXContainerItemProxy section */
		3B23EE612876DFE0007A475D /* PBXContainerItemProxy */ = {
			isa = PBXContainerItemProxy;
			containerPortal = 3B5F85FB282E461A00913C3B /* Project object */;
			proxyType = 1;
			remoteGlobalIDString = 3B23EE522876DFDF007A475D;
			remoteInfo = TemplateWidgetExtension;
		};
/* End PBXContainerItemProxy section */

/* Begin PBXCopyFilesBuildPhase section */
		3B23EE642876DFE0007A475D /* Embed App Extensions */ = {
			isa = PBXCopyFilesBuildPhase;
			buildActionMask = 2147483647;
			dstPath = "";
			dstSubfolderSpec = 13;
			files = (
				3B23EE632876DFE0007A475D /* TemplateWidgetExtension.appex in Embed App Extensions */,
			);
			name = "Embed App Extensions";
			runOnlyForDeploymentPostprocessing = 0;
		};
/* End PBXCopyFilesBuildPhase section */

/* Begin PBXFileReference section */
		1422D6B42BCB82BE4ECEFE23 /* Pods_TemplateApp.framework */ = {isa = PBXFileReference; explicitFileType = wrapper.framework; includeInIndex = 0; path = Pods_TemplateApp.framework; sourceTree = BUILT_PRODUCTS_DIR; };
		1C210C8C3E98403444FCB50F /* Pods-TemplateApp.debug.xcconfig */ = {isa = PBXFileReference; includeInIndex = 1; lastKnownFileType = text.xcconfig; name = "Pods-TemplateApp.debug.xcconfig"; path = "Target Support Files/Pods-TemplateApp/Pods-TemplateApp.debug.xcconfig"; sourceTree = "<group>"; };
		3B1D82B6285B67A200C24937 /* HomeNavigationBar.swift */ = {isa = PBXFileReference; lastKnownFileType = sourcecode.swift; path = HomeNavigationBar.swift; sourceTree = "<group>"; };
		3B1D82B8285E469C00C24937 /* RxCocoa.swift */ = {isa = PBXFileReference; lastKnownFileType = sourcecode.swift; path = RxCocoa.swift; sourceTree = "<group>"; };
		3B23EE532876DFDF007A475D /* TemplateWidgetExtension.appex */ = {isa = PBXFileReference; explicitFileType = "wrapper.app-extension"; includeInIndex = 0; path = TemplateWidgetExtension.appex; sourceTree = BUILT_PRODUCTS_DIR; };
		3B23EE542876DFDF007A475D /* WidgetKit.framework */ = {isa = PBXFileReference; lastKnownFileType = wrapper.framework; name = WidgetKit.framework; path = System/Library/Frameworks/WidgetKit.framework; sourceTree = SDKROOT; };
		3B23EE562876DFDF007A475D /* SwiftUI.framework */ = {isa = PBXFileReference; lastKnownFileType = wrapper.framework; name = SwiftUI.framework; path = System/Library/Frameworks/SwiftUI.framework; sourceTree = SDKROOT; };
		3B23EE592876DFDF007A475D /* TemplateWidget.swift */ = {isa = PBXFileReference; lastKnownFileType = sourcecode.swift; path = TemplateWidget.swift; sourceTree = "<group>"; };
		3B23EE5B2876DFDF007A475D /* TemplateWidget.intentdefinition */ = {isa = PBXFileReference; lastKnownFileType = file.intentdefinition; path = TemplateWidget.intentdefinition; sourceTree = "<group>"; };
		3B23EE5C2876DFE0007A475D /* Assets.xcassets */ = {isa = PBXFileReference; lastKnownFileType = folder.assetcatalog; path = Assets.xcassets; sourceTree = "<group>"; };
		3B23EE5E2876DFE0007A475D /* Info.plist */ = {isa = PBXFileReference; lastKnownFileType = text.plist.xml; path = Info.plist; sourceTree = "<group>"; };
		3B23EE682876E28D007A475D /* TemplateApp.entitlements */ = {isa = PBXFileReference; lastKnownFileType = text.plist.entitlements; path = TemplateApp.entitlements; sourceTree = "<group>"; };
		3B23EE692877075D007A475D /* TemplateWidgetExtension.entitlements */ = {isa = PBXFileReference; lastKnownFileType = text.plist.entitlements; path = TemplateWidgetExtension.entitlements; sourceTree = "<group>"; };
		3B392A40282E5E320055F6E9 /* CreateViewModel.swift */ = {isa = PBXFileReference; fileEncoding = 4; lastKnownFileType = sourcecode.swift; path = CreateViewModel.swift; sourceTree = "<group>"; };
		3B392A42282E5E320055F6E9 /* CreateViewController.swift */ = {isa = PBXFileReference; fileEncoding = 4; lastKnownFileType = sourcecode.swift; path = CreateViewController.swift; sourceTree = "<group>"; };
		3B392A44282E5E320055F6E9 /* CreateView.swift */ = {isa = PBXFileReference; fileEncoding = 4; lastKnownFileType = sourcecode.swift; path = CreateView.swift; sourceTree = "<group>"; };
		3B392A46282E5E320055F6E9 /* CreateFlow.swift */ = {isa = PBXFileReference; fileEncoding = 4; lastKnownFileType = sourcecode.swift; path = CreateFlow.swift; sourceTree = "<group>"; };
		3B392A47282E5E320055F6E9 /* CreateStep.swift */ = {isa = PBXFileReference; fileEncoding = 4; lastKnownFileType = sourcecode.swift; path = CreateStep.swift; sourceTree = "<group>"; };
		3B392A4E282E75090055F6E9 /* AppRepository.swift */ = {isa = PBXFileReference; lastKnownFileType = sourcecode.swift; path = AppRepository.swift; sourceTree = "<group>"; };
		3B392A51282E96390055F6E9 /* Repository.swift */ = {isa = PBXFileReference; lastKnownFileType = sourcecode.swift; path = Repository.swift; sourceTree = "<group>"; };
		3B392A55282EA6600055F6E9 /* Manager.swift */ = {isa = PBXFileReference; lastKnownFileType = sourcecode.swift; path = Manager.swift; sourceTree = "<group>"; };
		3B42E5D72844AA6E00F78470 /* CreateViewViewModel.swift */ = {isa = PBXFileReference; lastKnownFileType = sourcecode.swift; path = CreateViewViewModel.swift; sourceTree = "<group>"; };
		3B42E5D92846056E00F78470 /* CreateFieldsViewController.swift */ = {isa = PBXFileReference; lastKnownFileType = sourcecode.swift; path = CreateFieldsViewController.swift; sourceTree = "<group>"; };
		3B42E5DC284605F600F78470 /* CreateFieldsViewModel.swift */ = {isa = PBXFileReference; lastKnownFileType = sourcecode.swift; path = CreateFieldsViewModel.swift; sourceTree = "<group>"; };
		3B5F8603282E461A00913C3B /* TemplateApp.app */ = {isa = PBXFileReference; explicitFileType = wrapper.application; includeInIndex = 0; path = TemplateApp.app; sourceTree = BUILT_PRODUCTS_DIR; };
		3B76C4162834DF2B00526F2C /* HomeViewTableViewCell.swift */ = {isa = PBXFileReference; lastKnownFileType = sourcecode.swift; path = HomeViewTableViewCell.swift; sourceTree = "<group>"; };
		3B76C4182834E3CF00526F2C /* HomeViewTableView.swift */ = {isa = PBXFileReference; lastKnownFileType = sourcecode.swift; path = HomeViewTableView.swift; sourceTree = "<group>"; };
		3B76C41A283502F500526F2C /* ManagerWorkerTypes.swift */ = {isa = PBXFileReference; lastKnownFileType = sourcecode.swift; path = ManagerWorkerTypes.swift; sourceTree = "<group>"; };
		3B76C41C28350B0500526F2C /* HomeViewTableViewModel.swift */ = {isa = PBXFileReference; lastKnownFileType = sourcecode.swift; name = HomeViewTableViewModel.swift; path = TemplateApp/Scenes/Home/Home/views/HomeViewTableViewModel.swift; sourceTree = SOURCE_ROOT; };
		3B9CFA6E282E4D350037A8DB /* SettingsViewModel.swift */ = {isa = PBXFileReference; fileEncoding = 4; lastKnownFileType = sourcecode.swift; path = SettingsViewModel.swift; sourceTree = "<group>"; };
		3B9CFA70282E4D350037A8DB /* SettingsViewController.swift */ = {isa = PBXFileReference; fileEncoding = 4; lastKnownFileType = sourcecode.swift; path = SettingsViewController.swift; sourceTree = "<group>"; };
		3B9CFA72282E4D350037A8DB /* SettingsView.swift */ = {isa = PBXFileReference; fileEncoding = 4; lastKnownFileType = sourcecode.swift; path = SettingsView.swift; sourceTree = "<group>"; };
		3B9CFA74282E4D350037A8DB /* SettingsFlow.swift */ = {isa = PBXFileReference; fileEncoding = 4; lastKnownFileType = sourcecode.swift; path = SettingsFlow.swift; sourceTree = "<group>"; };
		3B9CFA75282E4D350037A8DB /* SettingsStep.swift */ = {isa = PBXFileReference; fileEncoding = 4; lastKnownFileType = sourcecode.swift; path = SettingsStep.swift; sourceTree = "<group>"; };
		3B9CFA79282E4D350037A8DB /* HomeViewModel.swift */ = {isa = PBXFileReference; fileEncoding = 4; lastKnownFileType = sourcecode.swift; path = HomeViewModel.swift; sourceTree = "<group>"; };
		3B9CFA7B282E4D350037A8DB /* HomeViewController.swift */ = {isa = PBXFileReference; fileEncoding = 4; lastKnownFileType = sourcecode.swift; path = HomeViewController.swift; sourceTree = "<group>"; };
		3B9CFA7D282E4D350037A8DB /* HomeView.swift */ = {isa = PBXFileReference; fileEncoding = 4; lastKnownFileType = sourcecode.swift; path = HomeView.swift; sourceTree = "<group>"; };
		3B9CFA80282E4D350037A8DB /* HomeAboutViewModel.swift */ = {isa = PBXFileReference; fileEncoding = 4; lastKnownFileType = sourcecode.swift; path = HomeAboutViewModel.swift; sourceTree = "<group>"; };
		3B9CFA82282E4D350037A8DB /* HomeAboutViewController.swift */ = {isa = PBXFileReference; fileEncoding = 4; lastKnownFileType = sourcecode.swift; path = HomeAboutViewController.swift; sourceTree = "<group>"; };
		3B9CFA84282E4D350037A8DB /* HomeAboutView.swift */ = {isa = PBXFileReference; fileEncoding = 4; lastKnownFileType = sourcecode.swift; path = HomeAboutView.swift; sourceTree = "<group>"; };
		3B9CFA86282E4D350037A8DB /* HomeFlow.swift */ = {isa = PBXFileReference; fileEncoding = 4; lastKnownFileType = sourcecode.swift; path = HomeFlow.swift; sourceTree = "<group>"; };
		3B9CFA87282E4D350037A8DB /* HomeStep.swift */ = {isa = PBXFileReference; fileEncoding = 4; lastKnownFileType = sourcecode.swift; path = HomeStep.swift; sourceTree = "<group>"; };
		3B9CFA88282E4D350037A8DB /* User.swift */ = {isa = PBXFileReference; fileEncoding = 4; lastKnownFileType = sourcecode.swift; path = User.swift; sourceTree = "<group>"; };
		3B9CFA8A282E4D350037A8DB /* UIKit.swift */ = {isa = PBXFileReference; fileEncoding = 4; lastKnownFileType = sourcecode.swift; path = UIKit.swift; sourceTree = "<group>"; };
		3B9CFA8B282E4D350037A8DB /* AppDelegate.swift */ = {isa = PBXFileReference; fileEncoding = 4; lastKnownFileType = sourcecode.swift; path = AppDelegate.swift; sourceTree = "<group>"; };
		3B9CFA8D282E4D350037A8DB /* SceneDelegate.swift */ = {isa = PBXFileReference; fileEncoding = 4; lastKnownFileType = sourcecode.swift; path = SceneDelegate.swift; sourceTree = "<group>"; };
		3B9CFA8F282E4D350037A8DB /* ToAppFlowNavigation.swift */ = {isa = PBXFileReference; fileEncoding = 4; lastKnownFileType = sourcecode.swift; path = ToAppFlowNavigation.swift; sourceTree = "<group>"; };
		3B9CFA90282E4D350037A8DB /* AppFlow.swift */ = {isa = PBXFileReference; fileEncoding = 4; lastKnownFileType = sourcecode.swift; path = AppFlow.swift; sourceTree = "<group>"; };
		3B9CFA91282E4D350037A8DB /* AppStep.swift */ = {isa = PBXFileReference; fileEncoding = 4; lastKnownFileType = sourcecode.swift; path = AppStep.swift; sourceTree = "<group>"; };
		3B9CFAA9282E4EF60037A8DB /* Info.plist */ = {isa = PBXFileReference; fileEncoding = 4; lastKnownFileType = text.plist.xml; path = Info.plist; sourceTree = "<group>"; };
		3BA8055628649D7D0080026C /* CreateFieldsCell.swift */ = {isa = PBXFileReference; lastKnownFileType = sourcecode.swift; name = CreateFieldsCell.swift; path = TemplateApp/Scenes/Create/viewController/CreateFieldsCell.swift; sourceTree = SOURCE_ROOT; };
		3BA805582864A66D0080026C /* CreateFieldsModel.swift */ = {isa = PBXFileReference; lastKnownFileType = sourcecode.swift; path = CreateFieldsModel.swift; sourceTree = "<group>"; };
		3BAA4DBE2847AC9100F22DB6 /* DetailMainViewModel.swift */ = {isa = PBXFileReference; fileEncoding = 4; lastKnownFileType = sourcecode.swift; path = DetailMainViewModel.swift; sourceTree = "<group>"; };
		3BAA4DC12847AC9100F22DB6 /* DetailFlow.swift */ = {isa = PBXFileReference; fileEncoding = 4; lastKnownFileType = sourcecode.swift; path = DetailFlow.swift; sourceTree = "<group>"; };
		3BAA4DC22847AC9100F22DB6 /* DetailStep.swift */ = {isa = PBXFileReference; fileEncoding = 4; lastKnownFileType = sourcecode.swift; path = DetailStep.swift; sourceTree = "<group>"; };
		3BAA4DC42847AC9100F22DB6 /* DetailMainViewController.swift */ = {isa = PBXFileReference; fileEncoding = 4; lastKnownFileType = sourcecode.swift; path = DetailMainViewController.swift; sourceTree = "<group>"; };
		3BAA4DC62847AC9100F22DB6 /* DetailMainView.swift */ = {isa = PBXFileReference; fileEncoding = 4; lastKnownFileType = sourcecode.swift; path = DetailMainView.swift; sourceTree = "<group>"; };
		3BAA4DCD2847BB8300F22DB6 /* DetailBarView.swift */ = {isa = PBXFileReference; lastKnownFileType = sourcecode.swift; path = DetailBarView.swift; sourceTree = "<group>"; };
		3BAA4DCF2847BB9900F22DB6 /* DetailBarViewModel.swift */ = {isa = PBXFileReference; lastKnownFileType = sourcecode.swift; path = DetailBarViewModel.swift; sourceTree = "<group>"; };
		3BAA4DD12847BFEA00F22DB6 /* DetailBarViewController.swift */ = {isa = PBXFileReference; lastKnownFileType = sourcecode.swift; path = DetailBarViewController.swift; sourceTree = "<group>"; };
		3BCBA48A283685DA000A6A69 /* ViewsTypes.swift */ = {isa = PBXFileReference; lastKnownFileType = sourcecode.swift; path = ViewsTypes.swift; sourceTree = "<group>"; };
		3BCBA48C2836925D000A6A69 /* ViewModelsTypes.swift */ = {isa = PBXFileReference; lastKnownFileType = sourcecode.swift; path = ViewModelsTypes.swift; sourceTree = "<group>"; };
		3BE3FB7D28327BA90007791A /* HomeViewViewModel.swift */ = {isa = PBXFileReference; lastKnownFileType = sourcecode.swift; path = HomeViewViewModel.swift; sourceTree = "<group>"; };
		5D629B1EFA6E1EF8F8764A7F /* Pods_TemplateApp.framework */ = {isa = PBXFileReference; explicitFileType = wrapper.framework; includeInIndex = 0; path = Pods_TemplateApp.framework; sourceTree = BUILT_PRODUCTS_DIR; };
		6D9E4232392C8930D5D940B1 /* Pods-TemplateApp.debug.xcconfig */ = {isa = PBXFileReference; includeInIndex = 1; lastKnownFileType = text.xcconfig; name = "Pods-TemplateApp.debug.xcconfig"; path = "Target Support Files/Pods-TemplateApp/Pods-TemplateApp.debug.xcconfig"; sourceTree = "<group>"; };
		9E896B589C8279C13937E2EA /* Pods-TemplateApp.release.xcconfig */ = {isa = PBXFileReference; includeInIndex = 1; lastKnownFileType = text.xcconfig; name = "Pods-TemplateApp.release.xcconfig"; path = "Target Support Files/Pods-TemplateApp/Pods-TemplateApp.release.xcconfig"; sourceTree = "<group>"; };
		EBCA4BF8AD032EEDC855836A /* Pods-TemplateApp.release.xcconfig */ = {isa = PBXFileReference; includeInIndex = 1; lastKnownFileType = text.xcconfig; name = "Pods-TemplateApp.release.xcconfig"; path = "Target Support Files/Pods-TemplateApp/Pods-TemplateApp.release.xcconfig"; sourceTree = "<group>"; };
/* End PBXFileReference section */

/* Begin PBXFrameworksBuildPhase section */
		3B23EE502876DFDF007A475D /* Frameworks */ = {
			isa = PBXFrameworksBuildPhase;
			buildActionMask = 2147483647;
			files = (
				3B23EE572876DFDF007A475D /* SwiftUI.framework in Frameworks */,
				3B23EE552876DFDF007A475D /* WidgetKit.framework in Frameworks */,
			);
			runOnlyForDeploymentPostprocessing = 0;
		};
		3B5F8600282E461A00913C3B /* Frameworks */ = {
			isa = PBXFrameworksBuildPhase;
			buildActionMask = 2147483647;
			files = (
				06236362B364CDB034F449CC /* Pods_TemplateApp.framework in Frameworks */,
				CA497DD593954F76EE47F855 /* Pods_TemplateApp.framework in Frameworks */,
			);
			runOnlyForDeploymentPostprocessing = 0;
		};
/* End PBXFrameworksBuildPhase section */

/* Begin PBXGroup section */
		3B23EE582876DFDF007A475D /* TemplateWidget */ = {
			isa = PBXGroup;
			children = (
				3B23EE592876DFDF007A475D /* TemplateWidget.swift */,
				3B23EE5B2876DFDF007A475D /* TemplateWidget.intentdefinition */,
				3B23EE5C2876DFE0007A475D /* Assets.xcassets */,
				3B23EE5E2876DFE0007A475D /* Info.plist */,
			);
			path = TemplateWidget;
			sourceTree = "<group>";
		};
		3B392A34282E57DB0055F6E9 /* App */ = {
			isa = PBXGroup;
			children = (
				3B392A50282E750E0055F6E9 /* data */,
				3B392A4D282E74F50055F6E9 /* model */,
				3B9CFA8E282E4D350037A8DB /* coordinator */,
			);
			path = App;
			sourceTree = "<group>";
		};
		3B392A3E282E5E320055F6E9 /* Create */ = {
			isa = PBXGroup;
			children = (
				3BA8055A2864A67A0080026C /* data */,
				3B392A3F282E5E320055F6E9 /* viewModel */,
				3B392A41282E5E320055F6E9 /* viewController */,
				3B392A43282E5E320055F6E9 /* views */,
				3B392A45282E5E320055F6E9 /* coordinator */,
			);
			path = Create;
			sourceTree = "<group>";
		};
		3B392A3F282E5E320055F6E9 /* viewModel */ = {
			isa = PBXGroup;
			children = (
				3B392A40282E5E320055F6E9 /* CreateViewModel.swift */,
				3B42E5D72844AA6E00F78470 /* CreateViewViewModel.swift */,
				3B42E5DC284605F600F78470 /* CreateFieldsViewModel.swift */,
			);
			path = viewModel;
			sourceTree = "<group>";
		};
		3B392A41282E5E320055F6E9 /* viewController */ = {
			isa = PBXGroup;
			children = (
				3B392A42282E5E320055F6E9 /* CreateViewController.swift */,
				3B42E5D92846056E00F78470 /* CreateFieldsViewController.swift */,
			);
			path = viewController;
			sourceTree = "<group>";
		};
		3B392A43282E5E320055F6E9 /* views */ = {
			isa = PBXGroup;
			children = (
				3B392A44282E5E320055F6E9 /* CreateView.swift */,
				3BA8055628649D7D0080026C /* CreateFieldsCell.swift */,
			);
			path = views;
			sourceTree = "<group>";
		};
		3B392A45282E5E320055F6E9 /* coordinator */ = {
			isa = PBXGroup;
			children = (
				3B392A46282E5E320055F6E9 /* CreateFlow.swift */,
				3B392A47282E5E320055F6E9 /* CreateStep.swift */,
			);
			path = coordinator;
			sourceTree = "<group>";
		};
		3B392A4D282E74F50055F6E9 /* model */ = {
			isa = PBXGroup;
			children = (
				3B9CFA88282E4D350037A8DB /* User.swift */,
			);
			path = model;
			sourceTree = "<group>";
		};
		3B392A50282E750E0055F6E9 /* data */ = {
			isa = PBXGroup;
			children = (
				3B392A58282EA6AC0055F6E9 /* Repository */,
				3B392A57282EA6A20055F6E9 /* Manager */,
			);
			path = data;
			sourceTree = "<group>";
		};
		3B392A57282EA6A20055F6E9 /* Manager */ = {
			isa = PBXGroup;
			children = (
				3B392A55282EA6600055F6E9 /* Manager.swift */,
			);
			path = Manager;
			sourceTree = "<group>";
		};
		3B392A58282EA6AC0055F6E9 /* Repository */ = {
			isa = PBXGroup;
			children = (
				3B392A51282E96390055F6E9 /* Repository.swift */,
				3B392A4E282E75090055F6E9 /* AppRepository.swift */,
			);
			path = Repository;
			sourceTree = "<group>";
		};
		3B5F85FA282E461A00913C3B = {
			isa = PBXGroup;
			children = (
				3B23EE692877075D007A475D /* TemplateWidgetExtension.entitlements */,
				3B5F8605282E461A00913C3B /* TemplateApp */,
				3B23EE582876DFDF007A475D /* TemplateWidget */,
				3B5F8604282E461A00913C3B /* Products */,
				848EC71E9111A647F330E35A /* Pods */,
				5D0527FAECFF1ED27E6B510A /* Frameworks */,
			);
			sourceTree = "<group>";
		};
		3B5F8604282E461A00913C3B /* Products */ = {
			isa = PBXGroup;
			children = (
				3B5F8603282E461A00913C3B /* TemplateApp.app */,
				3B23EE532876DFDF007A475D /* TemplateWidgetExtension.appex */,
			);
			name = Products;
			sourceTree = "<group>";
		};
		3B5F8605282E461A00913C3B /* TemplateApp */ = {
			isa = PBXGroup;
			children = (
				3B23EE682876E28D007A475D /* TemplateApp.entitlements */,
				3B392A34282E57DB0055F6E9 /* App */,
				3B9CFA6A282E4D350037A8DB /* Scenes */,
				3B9CFA89282E4D350037A8DB /* Extensions */,
				3B9CFA8B282E4D350037A8DB /* AppDelegate.swift */,
				3B9CFA8D282E4D350037A8DB /* SceneDelegate.swift */,
				3B9CFAA9282E4EF60037A8DB /* Info.plist */,
			);
			path = TemplateApp;
			sourceTree = "<group>";
		};
		3B9CFA6A282E4D350037A8DB /* Scenes */ = {
			isa = PBXGroup;
			children = (
				3B9CFA7E282E4D350037A8DB /* About */,
				3BAA4DBC2847AC9100F22DB6 /* Detail */,
				3B392A3E282E5E320055F6E9 /* Create */,
				3B9CFA6B282E4D350037A8DB /* Settings */,
				3B9CFA76282E4D350037A8DB /* Home */,
				3BCBA48A283685DA000A6A69 /* ViewsTypes.swift */,
				3B76C41A283502F500526F2C /* ManagerWorkerTypes.swift */,
				3BCBA48C2836925D000A6A69 /* ViewModelsTypes.swift */,
			);
			path = Scenes;
			sourceTree = "<group>";
		};
		3B9CFA6B282E4D350037A8DB /* Settings */ = {
			isa = PBXGroup;
			children = (
				3B9CFA71282E4D350037A8DB /* views */,
				3B9CFA6F282E4D350037A8DB /* viewController */,
				3B9CFA6D282E4D350037A8DB /* viewModel */,
				3B9CFA73282E4D350037A8DB /* coordinator */,
			);
			path = Settings;
			sourceTree = "<group>";
		};
		3B9CFA6D282E4D350037A8DB /* viewModel */ = {
			isa = PBXGroup;
			children = (
				3B9CFA6E282E4D350037A8DB /* SettingsViewModel.swift */,
			);
			path = viewModel;
			sourceTree = "<group>";
		};
		3B9CFA6F282E4D350037A8DB /* viewController */ = {
			isa = PBXGroup;
			children = (
				3B9CFA70282E4D350037A8DB /* SettingsViewController.swift */,
			);
			path = viewController;
			sourceTree = "<group>";
		};
		3B9CFA71282E4D350037A8DB /* views */ = {
			isa = PBXGroup;
			children = (
				3B9CFA72282E4D350037A8DB /* SettingsView.swift */,
			);
			path = views;
			sourceTree = "<group>";
		};
		3B9CFA73282E4D350037A8DB /* coordinator */ = {
			isa = PBXGroup;
			children = (
				3B9CFA74282E4D350037A8DB /* SettingsFlow.swift */,
				3B9CFA75282E4D350037A8DB /* SettingsStep.swift */,
			);
			path = coordinator;
			sourceTree = "<group>";
		};
		3B9CFA76282E4D350037A8DB /* Home */ = {
			isa = PBXGroup;
			children = (
				3B9CFA77282E4D350037A8DB /* Home */,
				3B9CFA85282E4D350037A8DB /* coordinator */,
			);
			path = Home;
			sourceTree = "<group>";
		};
		3B9CFA77282E4D350037A8DB /* Home */ = {
			isa = PBXGroup;
			children = (
				3B9CFA78282E4D350037A8DB /* viewModel */,
				3B9CFA7A282E4D350037A8DB /* viewController */,
				3B9CFA7C282E4D350037A8DB /* views */,
			);
			path = Home;
			sourceTree = "<group>";
		};
		3B9CFA78282E4D350037A8DB /* viewModel */ = {
			isa = PBXGroup;
			children = (
				3B9CFA79282E4D350037A8DB /* HomeViewModel.swift */,
				3BE3FB7D28327BA90007791A /* HomeViewViewModel.swift */,
				3B76C41C28350B0500526F2C /* HomeViewTableViewModel.swift */,
			);
			path = viewModel;
			sourceTree = "<group>";
		};
		3B9CFA7A282E4D350037A8DB /* viewController */ = {
			isa = PBXGroup;
			children = (
				3B9CFA7B282E4D350037A8DB /* HomeViewController.swift */,
			);
			path = viewController;
			sourceTree = "<group>";
		};
		3B9CFA7C282E4D350037A8DB /* views */ = {
			isa = PBXGroup;
			children = (
				3B9CFA7D282E4D350037A8DB /* HomeView.swift */,
				3B76C4162834DF2B00526F2C /* HomeViewTableViewCell.swift */,
				3B76C4182834E3CF00526F2C /* HomeViewTableView.swift */,
				3B1D82B6285B67A200C24937 /* HomeNavigationBar.swift */,
			);
			path = views;
			sourceTree = "<group>";
		};
		3B9CFA7E282E4D350037A8DB /* About */ = {
			isa = PBXGroup;
			children = (
				3B9CFA7F282E4D350037A8DB /* viewModel */,
				3B9CFA81282E4D350037A8DB /* viewController */,
				3B9CFA83282E4D350037A8DB /* views */,
			);
			path = About;
			sourceTree = "<group>";
		};
		3B9CFA7F282E4D350037A8DB /* viewModel */ = {
			isa = PBXGroup;
			children = (
				3B9CFA80282E4D350037A8DB /* HomeAboutViewModel.swift */,
			);
			path = viewModel;
			sourceTree = "<group>";
		};
		3B9CFA81282E4D350037A8DB /* viewController */ = {
			isa = PBXGroup;
			children = (
				3B9CFA82282E4D350037A8DB /* HomeAboutViewController.swift */,
			);
			path = viewController;
			sourceTree = "<group>";
		};
		3B9CFA83282E4D350037A8DB /* views */ = {
			isa = PBXGroup;
			children = (
				3B9CFA84282E4D350037A8DB /* HomeAboutView.swift */,
			);
			path = views;
			sourceTree = "<group>";
		};
		3B9CFA85282E4D350037A8DB /* coordinator */ = {
			isa = PBXGroup;
			children = (
				3B9CFA86282E4D350037A8DB /* HomeFlow.swift */,
				3B9CFA87282E4D350037A8DB /* HomeStep.swift */,
			);
			path = coordinator;
			sourceTree = "<group>";
		};
		3B9CFA89282E4D350037A8DB /* Extensions */ = {
			isa = PBXGroup;
			children = (
				3B9CFA8A282E4D350037A8DB /* UIKit.swift */,
				3B1D82B8285E469C00C24937 /* RxCocoa.swift */,
			);
			path = Extensions;
			sourceTree = "<group>";
		};
		3B9CFA8E282E4D350037A8DB /* coordinator */ = {
			isa = PBXGroup;
			children = (
				3B9CFA8F282E4D350037A8DB /* ToAppFlowNavigation.swift */,
				3B9CFA90282E4D350037A8DB /* AppFlow.swift */,
				3B9CFA91282E4D350037A8DB /* AppStep.swift */,
			);
			path = coordinator;
			sourceTree = "<group>";
		};
		3BA8055A2864A67A0080026C /* data */ = {
			isa = PBXGroup;
			children = (
				3BA805582864A66D0080026C /* CreateFieldsModel.swift */,
			);
			path = data;
			sourceTree = "<group>";
		};
		3BAA4DBC2847AC9100F22DB6 /* Detail */ = {
			isa = PBXGroup;
			children = (
				3BAA4DBD2847AC9100F22DB6 /* viewModel */,
				3BAA4DC32847AC9100F22DB6 /* viewController */,
				3BAA4DC52847AC9100F22DB6 /* views */,
				3BAA4DC02847AC9100F22DB6 /* coordinator */,
			);
			path = Detail;
			sourceTree = "<group>";
		};
		3BAA4DBD2847AC9100F22DB6 /* viewModel */ = {
			isa = PBXGroup;
			children = (
				3BAA4DBE2847AC9100F22DB6 /* DetailMainViewModel.swift */,
				3BAA4DCF2847BB9900F22DB6 /* DetailBarViewModel.swift */,
			);
			path = viewModel;
			sourceTree = "<group>";
		};
		3BAA4DC02847AC9100F22DB6 /* coordinator */ = {
			isa = PBXGroup;
			children = (
				3BAA4DC12847AC9100F22DB6 /* DetailFlow.swift */,
				3BAA4DC22847AC9100F22DB6 /* DetailStep.swift */,
			);
			path = coordinator;
			sourceTree = "<group>";
		};
		3BAA4DC32847AC9100F22DB6 /* viewController */ = {
			isa = PBXGroup;
			children = (
				3BAA4DC42847AC9100F22DB6 /* DetailMainViewController.swift */,
				3BAA4DD12847BFEA00F22DB6 /* DetailBarViewController.swift */,
			);
			path = viewController;
			sourceTree = "<group>";
		};
		3BAA4DC52847AC9100F22DB6 /* views */ = {
			isa = PBXGroup;
			children = (
				3BAA4DC62847AC9100F22DB6 /* DetailMainView.swift */,
				3BAA4DCD2847BB8300F22DB6 /* DetailBarView.swift */,
			);
			path = views;
			sourceTree = "<group>";
		};
		5D0527FAECFF1ED27E6B510A /* Frameworks */ = {
			isa = PBXGroup;
			children = (
				1422D6B42BCB82BE4ECEFE23 /* Pods_TemplateApp.framework */,
				5D629B1EFA6E1EF8F8764A7F /* Pods_TemplateApp.framework */,
				3B23EE542876DFDF007A475D /* WidgetKit.framework */,
				3B23EE562876DFDF007A475D /* SwiftUI.framework */,
			);
			name = Frameworks;
			sourceTree = "<group>";
		};
		848EC71E9111A647F330E35A /* Pods */ = {
			isa = PBXGroup;
			children = (
				6D9E4232392C8930D5D940B1 /* Pods-TemplateApp.debug.xcconfig */,
				EBCA4BF8AD032EEDC855836A /* Pods-TemplateApp.release.xcconfig */,
				1C210C8C3E98403444FCB50F /* Pods-TemplateApp.debug.xcconfig */,
				9E896B589C8279C13937E2EA /* Pods-TemplateApp.release.xcconfig */,
			);
			path = Pods;
			sourceTree = "<group>";
		};
/* End PBXGroup section */

/* Begin PBXNativeTarget section */
		3B23EE522876DFDF007A475D /* TemplateWidgetExtension */ = {
			isa = PBXNativeTarget;
			buildConfigurationList = 3B23EE672876DFE0007A475D /* Build configuration list for PBXNativeTarget "TemplateWidgetExtension" */;
			buildPhases = (
				3B23EE4F2876DFDF007A475D /* Sources */,
				3B23EE502876DFDF007A475D /* Frameworks */,
				3B23EE512876DFDF007A475D /* Resources */,
			);
			buildRules = (
			);
			dependencies = (
			);
			name = TemplateWidgetExtension;
			productName = TemplateWidgetExtension;
			productReference = 3B23EE532876DFDF007A475D /* TemplateWidgetExtension.appex */;
			productType = "com.apple.product-type.app-extension";
		};
		3B5F8602282E461A00913C3B /* TemplateApp */ = {
			isa = PBXNativeTarget;
			buildConfigurationList = 3B5F8617282E461A00913C3B /* Build configuration list for PBXNativeTarget "TemplateApp" */;
			buildPhases = (
				F48795AB3C52B06362922004 /* [CP] Check Pods Manifest.lock */,
				3B5F85FF282E461A00913C3B /* Sources */,
				3B5F8600282E461A00913C3B /* Frameworks */,
				3B5F8601282E461A00913C3B /* Resources */,
				90A4176BAD5CC9F6256E4335 /* [CP] Embed Pods Frameworks */,
				3B23EE642876DFE0007A475D /* Embed App Extensions */,
			);
			buildRules = (
			);
			dependencies = (
				3B23EE622876DFE0007A475D /* PBXTargetDependency */,
			);
			name = TemplateApp;
			productName = TemplateApp;
			productReference = 3B5F8603282E461A00913C3B /* TemplateApp.app */;
			productType = "com.apple.product-type.application";
		};
/* End PBXNativeTarget section */

/* Begin PBXProject section */
		3B5F85FB282E461A00913C3B /* Project object */ = {
			isa = PBXProject;
			attributes = {
				BuildIndependentTargetsInParallel = 1;
				LastSwiftUpdateCheck = 1330;
				LastUpgradeCheck = 1330;
				TargetAttributes = {
					3B23EE522876DFDF007A475D = {
						CreatedOnToolsVersion = 13.3;
					};
					3B5F8602282E461A00913C3B = {
						CreatedOnToolsVersion = 13.3;
					};
				};
			};
			buildConfigurationList = 3B5F85FE282E461A00913C3B /* Build configuration list for PBXProject "TemplateApp" */;
			compatibilityVersion = "Xcode 13.0";
			developmentRegion = en;
			hasScannedForEncodings = 0;
			knownRegions = (
				en,
				Base,
			);
			mainGroup = 3B5F85FA282E461A00913C3B;
			productRefGroup = 3B5F8604282E461A00913C3B /* Products */;
			projectDirPath = "";
			projectRoot = "";
			targets = (
				3B5F8602282E461A00913C3B /* TemplateApp */,
				3B23EE522876DFDF007A475D /* TemplateWidgetExtension */,
			);
		};
/* End PBXProject section */

/* Begin PBXResourcesBuildPhase section */
		3B23EE512876DFDF007A475D /* Resources */ = {
			isa = PBXResourcesBuildPhase;
			buildActionMask = 2147483647;
			files = (
				3B23EE5D2876DFE0007A475D /* Assets.xcassets in Resources */,
			);
			runOnlyForDeploymentPostprocessing = 0;
		};
		3B5F8601282E461A00913C3B /* Resources */ = {
			isa = PBXResourcesBuildPhase;
			buildActionMask = 2147483647;
			files = (
			);
			runOnlyForDeploymentPostprocessing = 0;
		};
/* End PBXResourcesBuildPhase section */

/* Begin PBXShellScriptBuildPhase section */
		90A4176BAD5CC9F6256E4335 /* [CP] Embed Pods Frameworks */ = {
			isa = PBXShellScriptBuildPhase;
			buildActionMask = 2147483647;
			files = (
			);
			inputFileListPaths = (
				"${PODS_ROOT}/Target Support Files/Pods-TemplateApp/Pods-TemplateApp-frameworks-${CONFIGURATION}-input-files.xcfilelist",
			);
			name = "[CP] Embed Pods Frameworks";
			outputFileListPaths = (
				"${PODS_ROOT}/Target Support Files/Pods-TemplateApp/Pods-TemplateApp-frameworks-${CONFIGURATION}-output-files.xcfilelist",
			);
			runOnlyForDeploymentPostprocessing = 0;
			shellPath = /bin/sh;
			shellScript = "\"${PODS_ROOT}/Target Support Files/Pods-TemplateApp/Pods-TemplateApp-frameworks.sh\"\n";
			showEnvVarsInLog = 0;
		};
		F48795AB3C52B06362922004 /* [CP] Check Pods Manifest.lock */ = {
			isa = PBXShellScriptBuildPhase;
			buildActionMask = 2147483647;
			files = (
			);
			inputFileListPaths = (
			);
			inputPaths = (
				"${PODS_PODFILE_DIR_PATH}/Podfile.lock",
				"${PODS_ROOT}/Manifest.lock",
			);
			name = "[CP] Check Pods Manifest.lock";
			outputFileListPaths = (
			);
			outputPaths = (
				"$(DERIVED_FILE_DIR)/Pods-TemplateApp-checkManifestLockResult.txt",
			);
			runOnlyForDeploymentPostprocessing = 0;
			shellPath = /bin/sh;
			shellScript = "diff \"${PODS_PODFILE_DIR_PATH}/Podfile.lock\" \"${PODS_ROOT}/Manifest.lock\" > /dev/null\nif [ $? != 0 ] ; then\n    # print error to STDERR\n    echo \"error: The sandbox is not in sync with the Podfile.lock. Run 'pod install' or update your CocoaPods installation.\" >&2\n    exit 1\nfi\n# This output is used by Xcode 'outputs' to avoid re-running this script phase.\necho \"SUCCESS\" > \"${SCRIPT_OUTPUT_FILE_0}\"\n";
			showEnvVarsInLog = 0;
		};
/* End PBXShellScriptBuildPhase section */

/* Begin PBXSourcesBuildPhase section */
		3B23EE4F2876DFDF007A475D /* Sources */ = {
			isa = PBXSourcesBuildPhase;
			buildActionMask = 2147483647;
			files = (
				3B23EE5F2876DFE0007A475D /* TemplateWidget.intentdefinition in Sources */,
				3B23EE5A2876DFDF007A475D /* TemplateWidget.swift in Sources */,
			);
			runOnlyForDeploymentPostprocessing = 0;
		};
		3B5F85FF282E461A00913C3B /* Sources */ = {
			isa = PBXSourcesBuildPhase;
			buildActionMask = 2147483647;
			files = (
				3BAA4DC92847AC9100F22DB6 /* DetailFlow.swift in Sources */,
				3BAA4DD22847BFEA00F22DB6 /* DetailBarViewController.swift in Sources */,
				3BAA4DD02847BB9900F22DB6 /* DetailBarViewModel.swift in Sources */,
				3B9CFA98282E4D350037A8DB /* HomeViewModel.swift in Sources */,
				3B392A56282EA6600055F6E9 /* Manager.swift in Sources */,
				3BA8055728649D7D0080026C /* CreateFieldsCell.swift in Sources */,
				3B9CFAA2282E4D350037A8DB /* AppDelegate.swift in Sources */,
				3B9CFAA6282E4D350037A8DB /* AppFlow.swift in Sources */,
				3B9CFA9B282E4D350037A8DB /* HomeAboutViewModel.swift in Sources */,
				3BAA4DC72847AC9100F22DB6 /* DetailMainViewModel.swift in Sources */,
				3B1D82B7285B67A200C24937 /* HomeNavigationBar.swift in Sources */,
				3B9CFAA7282E4D350037A8DB /* AppStep.swift in Sources */,
				3B392A52282E96390055F6E9 /* Repository.swift in Sources */,
				3B392A4B282E5E320055F6E9 /* CreateFlow.swift in Sources */,
				3BAA4DCB2847AC9100F22DB6 /* DetailMainViewController.swift in Sources */,
				3B9CFAA5282E4D350037A8DB /* ToAppFlowNavigation.swift in Sources */,
				3B76C41B283502F500526F2C /* ManagerWorkerTypes.swift in Sources */,
				3B9CFAA1282E4D350037A8DB /* UIKit.swift in Sources */,
				3B9CFA97282E4D350037A8DB /* SettingsStep.swift in Sources */,
				3B9CFA9C282E4D350037A8DB /* HomeAboutViewController.swift in Sources */,
				3B392A4A282E5E320055F6E9 /* CreateView.swift in Sources */,
				3B9CFAA0282E4D350037A8DB /* User.swift in Sources */,
				3BE3FB7E28327BA90007791A /* HomeViewViewModel.swift in Sources */,
				3B42E5DA2846056E00F78470 /* CreateFieldsViewController.swift in Sources */,
				3B1D82B9285E469C00C24937 /* RxCocoa.swift in Sources */,
				3B9CFA9E282E4D350037A8DB /* HomeFlow.swift in Sources */,
				3BCBA48D2836925D000A6A69 /* ViewModelsTypes.swift in Sources */,
				3B23EE602876DFE0007A475D /* TemplateWidget.intentdefinition in Sources */,
				3B42E5DD284605F600F78470 /* CreateFieldsViewModel.swift in Sources */,
				3B9CFA9A282E4D350037A8DB /* HomeView.swift in Sources */,
				3B76C4172834DF2B00526F2C /* HomeViewTableViewCell.swift in Sources */,
				3BA805592864A66D0080026C /* CreateFieldsModel.swift in Sources */,
				3BAA4DCE2847BB8300F22DB6 /* DetailBarView.swift in Sources */,
				3B9CFA99282E4D350037A8DB /* HomeViewController.swift in Sources */,
				3B392A4C282E5E320055F6E9 /* CreateStep.swift in Sources */,
				3BAA4DCC2847AC9100F22DB6 /* DetailMainView.swift in Sources */,
				3B9CFA95282E4D350037A8DB /* SettingsView.swift in Sources */,
				3B392A49282E5E320055F6E9 /* CreateViewController.swift in Sources */,
				3B9CFA94282E4D350037A8DB /* SettingsViewController.swift in Sources */,
				3B392A4F282E75090055F6E9 /* AppRepository.swift in Sources */,
				3B9CFAA4282E4D350037A8DB /* SceneDelegate.swift in Sources */,
				3BCBA48B283685DA000A6A69 /* ViewsTypes.swift in Sources */,
				3BAA4DCA2847AC9100F22DB6 /* DetailStep.swift in Sources */,
				3B9CFA9D282E4D350037A8DB /* HomeAboutView.swift in Sources */,
				3B9CFA93282E4D350037A8DB /* SettingsViewModel.swift in Sources */,
				3B76C41D28350B0500526F2C /* HomeViewTableViewModel.swift in Sources */,
				3B42E5D82844AA6E00F78470 /* CreateViewViewModel.swift in Sources */,
				3B392A48282E5E320055F6E9 /* CreateViewModel.swift in Sources */,
				3B9CFA9F282E4D350037A8DB /* HomeStep.swift in Sources */,
				3B9CFA96282E4D350037A8DB /* SettingsFlow.swift in Sources */,
				3B76C4192834E3CF00526F2C /* HomeViewTableView.swift in Sources */,
			);
			runOnlyForDeploymentPostprocessing = 0;
		};
/* End PBXSourcesBuildPhase section */

/* Begin PBXTargetDependency section */
		3B23EE622876DFE0007A475D /* PBXTargetDependency */ = {
			isa = PBXTargetDependency;
			target = 3B23EE522876DFDF007A475D /* TemplateWidgetExtension */;
			targetProxy = 3B23EE612876DFE0007A475D /* PBXContainerItemProxy */;
		};
/* End PBXTargetDependency section */

/* Begin XCBuildConfiguration section */
		3B23EE652876DFE0007A475D /* Debug */ = {
			isa = XCBuildConfiguration;
			buildSettings = {
				ASSETCATALOG_COMPILER_GLOBAL_ACCENT_COLOR_NAME = AccentColor;
				ASSETCATALOG_COMPILER_WIDGET_BACKGROUND_COLOR_NAME = WidgetBackground;
				CODE_SIGN_ENTITLEMENTS = TemplateWidgetExtension.entitlements;
				CODE_SIGN_STYLE = Automatic;
				CURRENT_PROJECT_VERSION = 1;
				DEVELOPMENT_TEAM = 4H567BRJRC;
				GENERATE_INFOPLIST_FILE = YES;
				INFOPLIST_FILE = TemplateWidget/Info.plist;
				INFOPLIST_KEY_CFBundleDisplayName = TemplateWidget;
				INFOPLIST_KEY_NSHumanReadableCopyright = "";
				IPHONEOS_DEPLOYMENT_TARGET = 14.0;
				LD_RUNPATH_SEARCH_PATHS = (
					"$(inherited)",
					"@executable_path/Frameworks",
					"@executable_path/../../Frameworks",
				);
				MARKETING_VERSION = 1.0;
				PRODUCT_BUNDLE_IDENTIFIER = hy99ee.TemplateApp.TemplateWidget;
				PRODUCT_NAME = "$(TARGET_NAME)";
				SKIP_INSTALL = YES;
				SWIFT_EMIT_LOC_STRINGS = YES;
				SWIFT_VERSION = 5.0;
				TARGETED_DEVICE_FAMILY = "1,2";
			};
			name = Debug;
		};
		3B23EE662876DFE0007A475D /* Release */ = {
			isa = XCBuildConfiguration;
			buildSettings = {
				ASSETCATALOG_COMPILER_GLOBAL_ACCENT_COLOR_NAME = AccentColor;
				ASSETCATALOG_COMPILER_WIDGET_BACKGROUND_COLOR_NAME = WidgetBackground;
				CODE_SIGN_ENTITLEMENTS = TemplateWidgetExtension.entitlements;
				CODE_SIGN_STYLE = Automatic;
				CURRENT_PROJECT_VERSION = 1;
				DEVELOPMENT_TEAM = 4H567BRJRC;
				GENERATE_INFOPLIST_FILE = YES;
				INFOPLIST_FILE = TemplateWidget/Info.plist;
				INFOPLIST_KEY_CFBundleDisplayName = TemplateWidget;
				INFOPLIST_KEY_NSHumanReadableCopyright = "";
				IPHONEOS_DEPLOYMENT_TARGET = 14.0;
				LD_RUNPATH_SEARCH_PATHS = (
					"$(inherited)",
					"@executable_path/Frameworks",
					"@executable_path/../../Frameworks",
				);
				MARKETING_VERSION = 1.0;
				PRODUCT_BUNDLE_IDENTIFIER = hy99ee.TemplateApp.TemplateWidget;
				PRODUCT_NAME = "$(TARGET_NAME)";
				SKIP_INSTALL = YES;
				SWIFT_EMIT_LOC_STRINGS = YES;
				SWIFT_VERSION = 5.0;
				TARGETED_DEVICE_FAMILY = "1,2";
			};
			name = Release;
		};
		3B5F8615282E461A00913C3B /* Debug */ = {
			isa = XCBuildConfiguration;
			buildSettings = {
				ALWAYS_SEARCH_USER_PATHS = NO;
				CLANG_ANALYZER_NONNULL = YES;
				CLANG_ANALYZER_NUMBER_OBJECT_CONVERSION = YES_AGGRESSIVE;
				CLANG_CXX_LANGUAGE_STANDARD = "gnu++17";
				CLANG_ENABLE_MODULES = YES;
				CLANG_ENABLE_OBJC_ARC = YES;
				CLANG_ENABLE_OBJC_WEAK = YES;
				CLANG_WARN_BLOCK_CAPTURE_AUTORELEASING = YES;
				CLANG_WARN_BOOL_CONVERSION = YES;
				CLANG_WARN_COMMA = YES;
				CLANG_WARN_CONSTANT_CONVERSION = YES;
				CLANG_WARN_DEPRECATED_OBJC_IMPLEMENTATIONS = YES;
				CLANG_WARN_DIRECT_OBJC_ISA_USAGE = YES_ERROR;
				CLANG_WARN_DOCUMENTATION_COMMENTS = YES;
				CLANG_WARN_EMPTY_BODY = YES;
				CLANG_WARN_ENUM_CONVERSION = YES;
				CLANG_WARN_INFINITE_RECURSION = YES;
				CLANG_WARN_INT_CONVERSION = YES;
				CLANG_WARN_NON_LITERAL_NULL_CONVERSION = YES;
				CLANG_WARN_OBJC_IMPLICIT_RETAIN_SELF = YES;
				CLANG_WARN_OBJC_LITERAL_CONVERSION = YES;
				CLANG_WARN_OBJC_ROOT_CLASS = YES_ERROR;
				CLANG_WARN_QUOTED_INCLUDE_IN_FRAMEWORK_HEADER = YES;
				CLANG_WARN_RANGE_LOOP_ANALYSIS = YES;
				CLANG_WARN_STRICT_PROTOTYPES = YES;
				CLANG_WARN_SUSPICIOUS_MOVE = YES;
				CLANG_WARN_UNGUARDED_AVAILABILITY = YES_AGGRESSIVE;
				CLANG_WARN_UNREACHABLE_CODE = YES;
				CLANG_WARN__DUPLICATE_METHOD_MATCH = YES;
				COPY_PHASE_STRIP = NO;
				DEBUG_INFORMATION_FORMAT = dwarf;
				ENABLE_STRICT_OBJC_MSGSEND = YES;
				ENABLE_TESTABILITY = YES;
				GCC_C_LANGUAGE_STANDARD = gnu11;
				GCC_DYNAMIC_NO_PIC = NO;
				GCC_NO_COMMON_BLOCKS = YES;
				GCC_OPTIMIZATION_LEVEL = 0;
				GCC_PREPROCESSOR_DEFINITIONS = (
					"DEBUG=1",
					"$(inherited)",
				);
				GCC_WARN_64_TO_32_BIT_CONVERSION = YES;
				GCC_WARN_ABOUT_RETURN_TYPE = YES_ERROR;
				GCC_WARN_UNDECLARED_SELECTOR = YES;
				GCC_WARN_UNINITIALIZED_AUTOS = YES_AGGRESSIVE;
				GCC_WARN_UNUSED_FUNCTION = YES;
				GCC_WARN_UNUSED_VARIABLE = YES;
				IPHONEOS_DEPLOYMENT_TARGET = 13.0;
				MTL_ENABLE_DEBUG_INFO = INCLUDE_SOURCE;
				MTL_FAST_MATH = YES;
				ONLY_ACTIVE_ARCH = YES;
				SDKROOT = iphoneos;
				SWIFT_ACTIVE_COMPILATION_CONDITIONS = DEBUG;
				SWIFT_OPTIMIZATION_LEVEL = "-Onone";
			};
			name = Debug;
		};
		3B5F8616282E461A00913C3B /* Release */ = {
			isa = XCBuildConfiguration;
			buildSettings = {
				ALWAYS_SEARCH_USER_PATHS = NO;
				CLANG_ANALYZER_NONNULL = YES;
				CLANG_ANALYZER_NUMBER_OBJECT_CONVERSION = YES_AGGRESSIVE;
				CLANG_CXX_LANGUAGE_STANDARD = "gnu++17";
				CLANG_ENABLE_MODULES = YES;
				CLANG_ENABLE_OBJC_ARC = YES;
				CLANG_ENABLE_OBJC_WEAK = YES;
				CLANG_WARN_BLOCK_CAPTURE_AUTORELEASING = YES;
				CLANG_WARN_BOOL_CONVERSION = YES;
				CLANG_WARN_COMMA = YES;
				CLANG_WARN_CONSTANT_CONVERSION = YES;
				CLANG_WARN_DEPRECATED_OBJC_IMPLEMENTATIONS = YES;
				CLANG_WARN_DIRECT_OBJC_ISA_USAGE = YES_ERROR;
				CLANG_WARN_DOCUMENTATION_COMMENTS = YES;
				CLANG_WARN_EMPTY_BODY = YES;
				CLANG_WARN_ENUM_CONVERSION = YES;
				CLANG_WARN_INFINITE_RECURSION = YES;
				CLANG_WARN_INT_CONVERSION = YES;
				CLANG_WARN_NON_LITERAL_NULL_CONVERSION = YES;
				CLANG_WARN_OBJC_IMPLICIT_RETAIN_SELF = YES;
				CLANG_WARN_OBJC_LITERAL_CONVERSION = YES;
				CLANG_WARN_OBJC_ROOT_CLASS = YES_ERROR;
				CLANG_WARN_QUOTED_INCLUDE_IN_FRAMEWORK_HEADER = YES;
				CLANG_WARN_RANGE_LOOP_ANALYSIS = YES;
				CLANG_WARN_STRICT_PROTOTYPES = YES;
				CLANG_WARN_SUSPICIOUS_MOVE = YES;
				CLANG_WARN_UNGUARDED_AVAILABILITY = YES_AGGRESSIVE;
				CLANG_WARN_UNREACHABLE_CODE = YES;
				CLANG_WARN__DUPLICATE_METHOD_MATCH = YES;
				COPY_PHASE_STRIP = NO;
				DEBUG_INFORMATION_FORMAT = "dwarf-with-dsym";
				ENABLE_NS_ASSERTIONS = NO;
				ENABLE_STRICT_OBJC_MSGSEND = YES;
				GCC_C_LANGUAGE_STANDARD = gnu11;
				GCC_NO_COMMON_BLOCKS = YES;
				GCC_WARN_64_TO_32_BIT_CONVERSION = YES;
				GCC_WARN_ABOUT_RETURN_TYPE = YES_ERROR;
				GCC_WARN_UNDECLARED_SELECTOR = YES;
				GCC_WARN_UNINITIALIZED_AUTOS = YES_AGGRESSIVE;
				GCC_WARN_UNUSED_FUNCTION = YES;
				GCC_WARN_UNUSED_VARIABLE = YES;
				IPHONEOS_DEPLOYMENT_TARGET = 13.0;
				MTL_ENABLE_DEBUG_INFO = NO;
				MTL_FAST_MATH = YES;
				SDKROOT = iphoneos;
				SWIFT_COMPILATION_MODE = wholemodule;
				SWIFT_OPTIMIZATION_LEVEL = "-O";
				VALIDATE_PRODUCT = YES;
			};
			name = Release;
		};
		3B5F8618282E461A00913C3B /* Debug */ = {
			isa = XCBuildConfiguration;
			baseConfigurationReference = 1C210C8C3E98403444FCB50F /* Pods-TemplateApp.debug.xcconfig */;
			buildSettings = {
				ALWAYS_EMBED_SWIFT_STANDARD_LIBRARIES = YES;
				ASSETCATALOG_COMPILER_GLOBAL_ACCENT_COLOR_NAME = AccentColor;
				CODE_SIGN_ENTITLEMENTS = TemplateApp/TemplateApp.entitlements;
				CODE_SIGN_STYLE = Automatic;
				CURRENT_PROJECT_VERSION = 1;
				DEVELOPMENT_TEAM = 4H567BRJRC;
				GENERATE_INFOPLIST_FILE = YES;
				INFOPLIST_FILE = TemplateApp/Info.plist;
				INFOPLIST_KEY_CFBundleDisplayName = App;
				INFOPLIST_KEY_UIApplicationSupportsIndirectInputEvents = YES;
				INFOPLIST_KEY_UILaunchStoryboardName = LaunchScreen;
				INFOPLIST_KEY_UISupportedInterfaceOrientations = UIInterfaceOrientationPortrait;
				INFOPLIST_KEY_UISupportedInterfaceOrientations_iPad = "UIInterfaceOrientationPortrait UIInterfaceOrientationPortraitUpsideDown UIInterfaceOrientationLandscapeLeft UIInterfaceOrientationLandscapeRight";
				INFOPLIST_KEY_UISupportedInterfaceOrientations_iPhone = "UIInterfaceOrientationPortrait UIInterfaceOrientationLandscapeLeft UIInterfaceOrientationLandscapeRight";
				IPHONEOS_DEPLOYMENT_TARGET = 13.0;
				LD_RUNPATH_SEARCH_PATHS = (
					"$(inherited)",
					"@executable_path/Frameworks",
				);
				MARKETING_VERSION = 1.0;
				PRODUCT_BUNDLE_IDENTIFIER = hy99ee.TemplateApp;
				PRODUCT_NAME = "$(TARGET_NAME)";
				SWIFT_EMIT_LOC_STRINGS = YES;
				SWIFT_VERSION = 5.0;
				TARGETED_DEVICE_FAMILY = "1,2";
			};
			name = Debug;
		};
		3B5F8619282E461A00913C3B /* Release */ = {
			isa = XCBuildConfiguration;
			baseConfigurationReference = 9E896B589C8279C13937E2EA /* Pods-TemplateApp.release.xcconfig */;
			buildSettings = {
				ALWAYS_EMBED_SWIFT_STANDARD_LIBRARIES = YES;
				ASSETCATALOG_COMPILER_GLOBAL_ACCENT_COLOR_NAME = AccentColor;
				CODE_SIGN_ENTITLEMENTS = TemplateApp/TemplateApp.entitlements;
				CODE_SIGN_STYLE = Automatic;
				CURRENT_PROJECT_VERSION = 1;
				DEVELOPMENT_TEAM = 4H567BRJRC;
				GENERATE_INFOPLIST_FILE = YES;
				INFOPLIST_FILE = TemplateApp/Info.plist;
				INFOPLIST_KEY_CFBundleDisplayName = App;
				INFOPLIST_KEY_UIApplicationSupportsIndirectInputEvents = YES;
				INFOPLIST_KEY_UILaunchStoryboardName = LaunchScreen;
				INFOPLIST_KEY_UISupportedInterfaceOrientations = UIInterfaceOrientationPortrait;
				INFOPLIST_KEY_UISupportedInterfaceOrientations_iPad = "UIInterfaceOrientationPortrait UIInterfaceOrientationPortraitUpsideDown UIInterfaceOrientationLandscapeLeft UIInterfaceOrientationLandscapeRight";
				INFOPLIST_KEY_UISupportedInterfaceOrientations_iPhone = "UIInterfaceOrientationPortrait UIInterfaceOrientationLandscapeLeft UIInterfaceOrientationLandscapeRight";
				IPHONEOS_DEPLOYMENT_TARGET = 13.0;
				LD_RUNPATH_SEARCH_PATHS = (
					"$(inherited)",
					"@executable_path/Frameworks",
				);
				MARKETING_VERSION = 1.0;
				PRODUCT_BUNDLE_IDENTIFIER = hy99ee.TemplateApp;
				PRODUCT_NAME = "$(TARGET_NAME)";
				SWIFT_EMIT_LOC_STRINGS = YES;
				SWIFT_VERSION = 5.0;
				TARGETED_DEVICE_FAMILY = "1,2";
			};
			name = Release;
		};
/* End XCBuildConfiguration section */

/* Begin XCConfigurationList section */
		3B23EE672876DFE0007A475D /* Build configuration list for PBXNativeTarget "TemplateWidgetExtension" */ = {
			isa = XCConfigurationList;
			buildConfigurations = (
				3B23EE652876DFE0007A475D /* Debug */,
				3B23EE662876DFE0007A475D /* Release */,
			);
			defaultConfigurationIsVisible = 0;
			defaultConfigurationName = Release;
		};
		3B5F85FE282E461A00913C3B /* Build configuration list for PBXProject "TemplateApp" */ = {
			isa = XCConfigurationList;
			buildConfigurations = (
				3B5F8615282E461A00913C3B /* Debug */,
				3B5F8616282E461A00913C3B /* Release */,
			);
			defaultConfigurationIsVisible = 0;
			defaultConfigurationName = Release;
		};
		3B5F8617282E461A00913C3B /* Build configuration list for PBXNativeTarget "TemplateApp" */ = {
			isa = XCConfigurationList;
			buildConfigurations = (
				3B5F8618282E461A00913C3B /* Debug */,
				3B5F8619282E461A00913C3B /* Release */,
			);
			defaultConfigurationIsVisible = 0;
			defaultConfigurationName = Release;
		};
/* End XCConfigurationList section */
	};
	rootObject = 3B5F85FB282E461A00913C3B /* Project object */;
}
